
Microsoft Visual Studio Solution File, Format Version 12.00
# Visual Studio 15
VisualStudioVersion = 15.0.27428.2015
MinimumVisualStudioVersion = 10.0.40219.1
Project("{FAE04EC0-301F-11D3-BF4B-00C04F79EFBC}") = "Orleans.SiloHost", "Orleans.NetCore\Orleans.SiloHost.csproj", "{1EA927C0-FFC6-4A99-8501-862F5688687B}"
EndProject
Project("{FAE04EC0-301F-11D3-BF4B-00C04F79EFBC}") = "Orleans.ConverterContracts", "Orleans.ConverterContracts\Orleans.ConverterContracts.csproj", "{1CC700D9-0E44-4781-98F7-1ADBDEA6E109}"
EndProject
Project("{FAE04EC0-301F-11D3-BF4B-00C04F79EFBC}") = "Orleans.ConverterGrain", "Orleans.ConverterGrain\Orleans.ConverterGrain.csproj", "{43D879FA-5F9B-4CB0-B49D-F16173B2F194}"
EndProject
Project("{FAE04EC0-301F-11D3-BF4B-00C04F79EFBC}") = "Orleans.Client", "Orleans.Client\Orleans.Client.csproj", "{BA4D8708-3895-4B6E-95D8-94F19B4010E7}"
EndProject
Global
	GlobalSection(SolutionConfigurationPlatforms) = preSolution
		Debug|Any CPU = Debug|Any CPU
		Release|Any CPU = Release|Any CPU
	EndGlobalSection
	GlobalSection(ProjectConfigurationPlatforms) = postSolution
		{1EA927C0-FFC6-4A99-8501-862F5688687B}.Debug|Any CPU.ActiveCfg = Debug|Any CPU
		{1EA927C0-FFC6-4A99-8501-862F5688687B}.Debug|Any CPU.Build.0 = Debug|Any CPU
		{1EA927C0-FFC6-4A99-8501-862F5688687B}.Release|Any CPU.ActiveCfg = Release|Any CPU
		{1EA927C0-FFC6-4A99-8501-862F5688687B}.Release|Any CPU.Build.0 = Release|Any CPU
		{1CC700D9-0E44-4781-98F7-1ADBDEA6E109}.Debug|Any CPU.ActiveCfg = Debug|Any CPU
		{1CC700D9-0E44-4781-98F7-1ADBDEA6E109}.Debug|Any CPU.Build.0 = Debug|Any CPU
		{1CC700D9-0E44-4781-98F7-1ADBDEA6E109}.Release|Any CPU.ActiveCfg = Release|Any CPU
		{1CC700D9-0E44-4781-98F7-1ADBDEA6E109}.Release|Any CPU.Build.0 = Release|Any CPU
		{43D879FA-5F9B-4CB0-B49D-F16173B2F194}.Debug|Any CPU.ActiveCfg = Debug|Any CPU
		{43D879FA-5F9B-4CB0-B49D-F16173B2F194}.Debug|Any CPU.Build.0 = Debug|Any CPU
		{43D879FA-5F9B-4CB0-B49D-F16173B2F194}.Release|Any CPU.ActiveCfg = Release|Any CPU
		{43D879FA-5F9B-4CB0-B49D-F16173B2F194}.Release|Any CPU.Build.0 = Release|Any CPU
		{BA4D8708-3895-4B6E-95D8-94F19B4010E7}.Debug|Any CPU.ActiveCfg = Debug|Any CPU
		{BA4D8708-3895-4B6E-95D8-94F19B4010E7}.Debug|Any CPU.Build.0 = Debug|Any CPU
		{BA4D8708-3895-4B6E-95D8-94F19B4010E7}.Release|Any CPU.ActiveCfg = Release|Any CPU
		{BA4D8708-3895-4B6E-95D8-94F19B4010E7}.Release|Any CPU.Build.0 = Release|Any CPU
	EndGlobalSection
	GlobalSection(SolutionProperties) = preSolution
		HideSolutionNode = FALSE
	EndGlobalSection
	GlobalSection(ExtensibilityGlobals) = postSolution
		SolutionGuid = {4928F42E-0D3C-4425-BD92-5A1AD0D1B8BB}
	EndGlobalSection
EndGlobal
